// !$*UTF8*$!
{
	archiveVersion = 1;
	classes = {
	};
	objectVersion = 55;
	objects = {

/* Begin PBXBuildFile section */
		FB1442842821A4400020CBBB /* Model.swift in Sources */ = {isa = PBXBuildFile; fileRef = FB1442832821A4400020CBBB /* Model.swift */; };
		FB1442852821A4400020CBBB /* Model.swift in Sources */ = {isa = PBXBuildFile; fileRef = FB1442832821A4400020CBBB /* Model.swift */; };
		FBFE8EA5281EE6180071AB38 /* MineSweeperApp.swift in Sources */ = {isa = PBXBuildFile; fileRef = FBFE8E95281EE6170071AB38 /* MineSweeperApp.swift */; };
		FBFE8EA6281EE6180071AB38 /* MineSweeperApp.swift in Sources */ = {isa = PBXBuildFile; fileRef = FBFE8E95281EE6170071AB38 /* MineSweeperApp.swift */; };
		FBFE8EA7281EE6180071AB38 /* ContentView.swift in Sources */ = {isa = PBXBuildFile; fileRef = FBFE8E96281EE6170071AB38 /* ContentView.swift */; };
		FBFE8EA8281EE6180071AB38 /* ContentView.swift in Sources */ = {isa = PBXBuildFile; fileRef = FBFE8E96281EE6170071AB38 /* ContentView.swift */; };
		FBFE8EA9281EE6180071AB38 /* Assets.xcassets in Resources */ = {isa = PBXBuildFile; fileRef = FBFE8E97281EE6180071AB38 /* Assets.xcassets */; };
		FBFE8EAA281EE6180071AB38 /* Assets.xcassets in Resources */ = {isa = PBXBuildFile; fileRef = FBFE8E97281EE6180071AB38 /* Assets.xcassets */; };
		FBFE8EB4281EEF1E0071AB38 /* ContentViewV1.swift in Sources */ = {isa = PBXBuildFile; fileRef = FBFE8EB3281EEF1E0071AB38 /* ContentViewV1.swift */; };
		FBFE8EB5281EEF1E0071AB38 /* ContentViewV1.swift in Sources */ = {isa = PBXBuildFile; fileRef = FBFE8EB3281EEF1E0071AB38 /* ContentViewV1.swift */; };
/* End PBXBuildFile section */

/* Begin PBXFileReference section */
		FB1442832821A4400020CBBB /* Model.swift */ = {isa = PBXFileReference; lastKnownFileType = sourcecode.swift; path = Model.swift; sourceTree = "<group>"; };
		FBFE8E95281EE6170071AB38 /* MineSweeperApp.swift */ = {isa = PBXFileReference; lastKnownFileType = sourcecode.swift; path = MineSweeperApp.swift; sourceTree = "<group>"; };
		FBFE8E96281EE6170071AB38 /* ContentView.swift */ = {isa = PBXFileReference; lastKnownFileType = sourcecode.swift; path = ContentView.swift; sourceTree = "<group>"; };
		FBFE8E97281EE6180071AB38 /* Assets.xcassets */ = {isa = PBXFileReference; lastKnownFileType = folder.assetcatalog; path = Assets.xcassets; sourceTree = "<group>"; };
		FBFE8E9C281EE6180071AB38 /* MineSweeper.app */ = {isa = PBXFileReference; explicitFileType = wrapper.application; includeInIndex = 0; path = MineSweeper.app; sourceTree = BUILT_PRODUCTS_DIR; };
		FBFE8EA2281EE6180071AB38 /* MineSweeper.app */ = {isa = PBXFileReference; explicitFileType = wrapper.application; includeInIndex = 0; path = MineSweeper.app; sourceTree = BUILT_PRODUCTS_DIR; };
		FBFE8EA4281EE6180071AB38 /* macOS.entitlements */ = {isa = PBXFileReference; lastKnownFileType = text.plist.entitlements; path = macOS.entitlements; sourceTree = "<group>"; };
		FBFE8EB3281EEF1E0071AB38 /* ContentViewV1.swift */ = {isa = PBXFileReference; fileEncoding = 4; lastKnownFileType = sourcecode.swift; path = ContentViewV1.swift; sourceTree = "<group>"; };
/* End PBXFileReference section */

/* Begin PBXFrameworksBuildPhase section */
		FBFE8E99281EE6180071AB38 /* Frameworks */ = {
			isa = PBXFrameworksBuildPhase;
			buildActionMask = 2147483647;
			files = (
			);
			runOnlyForDeploymentPostprocessing = 0;
		};
		FBFE8E9F281EE6180071AB38 /* Frameworks */ = {
			isa = PBXFrameworksBuildPhase;
			buildActionMask = 2147483647;
			files = (
			);
			runOnlyForDeploymentPostprocessing = 0;
		};
/* End PBXFrameworksBuildPhase section */

/* Begin PBXGroup section */
		FBFE8E8F281EE6170071AB38 = {
			isa = PBXGroup;
			children = (
				FBFE8E94281EE6170071AB38 /* Shared */,
				FBFE8EA3281EE6180071AB38 /* macOS */,
				FBFE8E9D281EE6180071AB38 /* Products */,
			);
			sourceTree = "<group>";
		};
		FBFE8E94281EE6170071AB38 /* Shared */ = {
			isa = PBXGroup;
			children = (
				FBFE8E95281EE6170071AB38 /* MineSweeperApp.swift */,
				FBFE8E96281EE6170071AB38 /* ContentView.swift */,
				FB1442832821A4400020CBBB /* Model.swift */,
				FBFE8EB3281EEF1E0071AB38 /* ContentViewV1.swift */,
				FBFE8E97281EE6180071AB38 /* Assets.xcassets */,
			);
			path = Shared;
			sourceTree = "<group>";
		};
		FBFE8E9D281EE6180071AB38 /* Products */ = {
			isa = PBXGroup;
			children = (
				FBFE8E9C281EE6180071AB38 /* MineSweeper.app */,
				FBFE8EA2281EE6180071AB38 /* MineSweeper.app */,
			);
			name = Products;
			sourceTree = "<group>";
		};
		FBFE8EA3281EE6180071AB38 /* macOS */ = {
			isa = PBXGroup;
			children = (
				FBFE8EA4281EE6180071AB38 /* macOS.entitlements */,
			);
			path = macOS;
			sourceTree = "<group>";
		};
/* End PBXGroup section */

/* Begin PBXNativeTarget section */
		FBFE8E9B281EE6180071AB38 /* MineSweeper (iOS) */ = {
			isa = PBXNativeTarget;
			buildConfigurationList = FBFE8EAD281EE6180071AB38 /* Build configuration list for PBXNativeTarget "MineSweeper (iOS)" */;
			buildPhases = (
				FBFE8E98281EE6180071AB38 /* Sources */,
				FBFE8E99281EE6180071AB38 /* Frameworks */,
				FBFE8E9A281EE6180071AB38 /* Resources */,
			);
			buildRules = (
			);
			dependencies = (
			);
			name = "MineSweeper (iOS)";
			productName = "MineSweeper (iOS)";
			productReference = FBFE8E9C281EE6180071AB38 /* MineSweeper.app */;
			productType = "com.apple.product-type.application";
		};
		FBFE8EA1281EE6180071AB38 /* MineSweeper (macOS) */ = {
			isa = PBXNativeTarget;
			buildConfigurationList = FBFE8EB0281EE6180071AB38 /* Build configuration list for PBXNativeTarget "MineSweeper (macOS)" */;
			buildPhases = (
				FBFE8E9E281EE6180071AB38 /* Sources */,
				FBFE8E9F281EE6180071AB38 /* Frameworks */,
				FBFE8EA0281EE6180071AB38 /* Resources */,
			);
			buildRules = (
			);
			dependencies = (
			);
			name = "MineSweeper (macOS)";
			productName = "MineSweeper (macOS)";
			productReference = FBFE8EA2281EE6180071AB38 /* MineSweeper.app */;
			productType = "com.apple.product-type.application";
		};
/* End PBXNativeTarget section */

/* Begin PBXProject section */
		FBFE8E90281EE6170071AB38 /* Project object */ = {
			isa = PBXProject;
			attributes = {
				BuildIndependentTargetsInParallel = 1;
				LastSwiftUpdateCheck = 1330;
				LastUpgradeCheck = 1330;
				TargetAttributes = {
					FBFE8E9B281EE6180071AB38 = {
						CreatedOnToolsVersion = 13.3.1;
					};
					FBFE8EA1281EE6180071AB38 = {
						CreatedOnToolsVersion = 13.3.1;
					};
				};
			};
			buildConfigurationList = FBFE8E93281EE6170071AB38 /* Build configuration list for PBXProject "MineSweeper" */;
			compatibilityVersion = "Xcode 13.0";
			developmentRegion = en;
			hasScannedForEncodings = 0;
			knownRegions = (
				en,
				Base,
			);
			mainGroup = FBFE8E8F281EE6170071AB38;
			productRefGroup = FBFE8E9D281EE6180071AB38 /* Products */;
			projectDirPath = "";
			projectRoot = "";
			targets = (
				FBFE8E9B281EE6180071AB38 /* MineSweeper (iOS) */,
				FBFE8EA1281EE6180071AB38 /* MineSweeper (macOS) */,
			);
		};
/* End PBXProject section */

/* Begin PBXResourcesBuildPhase section */
		FBFE8E9A281EE6180071AB38 /* Resources */ = {
			isa = PBXResourcesBuildPhase;
			buildActionMask = 2147483647;
			files = (
				FBFE8EA9281EE6180071AB38 /* Assets.xcassets in Resources */,
			);
			runOnlyForDeploymentPostprocessing = 0;
		};
		FBFE8EA0281EE6180071AB38 /* Resources */ = {
			isa = PBXResourcesBuildPhase;
			buildActionMask = 2147483647;
			files = (
				FBFE8EAA281EE6180071AB38 /* Assets.xcassets in Resources */,
			);
			runOnlyForDeploymentPostprocessing = 0;
		};
/* End PBXResourcesBuildPhase section */

/* Begin PBXSourcesBuildPhase section */
		FBFE8E98281EE6180071AB38 /* Sources */ = {
			isa = PBXSourcesBuildPhase;
			buildActionMask = 2147483647;
			files = (
				FBFE8EA7281EE6180071AB38 /* ContentView.swift in Sources */,
				FBFE8EA5281EE6180071AB38 /* MineSweeperApp.swift in Sources */,
				FBFE8EB4281EEF1E0071AB38 /* ContentViewV1.swift in Sources */,
				FB1442842821A4400020CBBB /* Model.swift in Sources */,
			);
			runOnlyForDeploymentPostprocessing = 0;
		};
		FBFE8E9E281EE6180071AB38 /* Sources */ = {
			isa = PBXSourcesBuildPhase;
			buildActionMask = 2147483647;
			files = (
				FBFE8EA8281EE6180071AB38 /* ContentView.swift in Sources */,
				FBFE8EA6281EE6180071AB38 /* MineSweeperApp.swift in Sources */,
				FBFE8EB5281EEF1E0071AB38 /* ContentViewV1.swift in Sources */,
				FB1442852821A4400020CBBB /* Model.swift in Sources */,
			);
			runOnlyForDeploymentPostprocessing = 0;
		};
/* End PBXSourcesBuildPhase section */

/* Begin XCBuildConfiguration section */
		FBFE8EAB281EE6180071AB38 /* Debug */ = {
			isa = XCBuildConfiguration;
			buildSettings = {
				ALWAYS_SEARCH_USER_PATHS = NO;
				CLANG_ANALYZER_NONNULL = YES;
				CLANG_ANALYZER_NUMBER_OBJECT_CONVERSION = YES_AGGRESSIVE;
				CLANG_CXX_LANGUAGE_STANDARD = "gnu++17";
				CLANG_ENABLE_MODULES = YES;
				CLANG_ENABLE_OBJC_ARC = YES;
				CLANG_ENABLE_OBJC_WEAK = YES;
				CLANG_WARN_BLOCK_CAPTURE_AUTORELEASING = YES;
				CLANG_WARN_BOOL_CONVERSION = YES;
				CLANG_WARN_COMMA = YES;
				CLANG_WARN_CONSTANT_CONVERSION = YES;
				CLANG_WARN_DEPRECATED_OBJC_IMPLEMENTATIONS = YES;
				CLANG_WARN_DIRECT_OBJC_ISA_USAGE = YES_ERROR;
				CLANG_WARN_DOCUMENTATION_COMMENTS = YES;
				CLANG_WARN_EMPTY_BODY = YES;
				CLANG_WARN_ENUM_CONVERSION = YES;
				CLANG_WARN_INFINITE_RECURSION = YES;
				CLANG_WARN_INT_CONVERSION = YES;
				CLANG_WARN_NON_LITERAL_NULL_CONVERSION = YES;
				CLANG_WARN_OBJC_IMPLICIT_RETAIN_SELF = YES;
				CLANG_WARN_OBJC_LITERAL_CONVERSION = YES;
				CLANG_WARN_OBJC_ROOT_CLASS = YES_ERROR;
				CLANG_WARN_QUOTED_INCLUDE_IN_FRAMEWORK_HEADER = YES;
				CLANG_WARN_RANGE_LOOP_ANALYSIS = YES;
				CLANG_WARN_STRICT_PROTOTYPES = YES;
				CLANG_WARN_SUSPICIOUS_MOVE = YES;
				CLANG_WARN_UNGUARDED_AVAILABILITY = YES_AGGRESSIVE;
				CLANG_WARN_UNREACHABLE_CODE = YES;
				CLANG_WARN__DUPLICATE_METHOD_MATCH = YES;
				COPY_PHASE_STRIP = NO;
				DEBUG_INFORMATION_FORMAT = dwarf;
				ENABLE_STRICT_OBJC_MSGSEND = YES;
				ENABLE_TESTABILITY = YES;
				GCC_C_LANGUAGE_STANDARD = gnu11;
				GCC_DYNAMIC_NO_PIC = NO;
				GCC_NO_COMMON_BLOCKS = YES;
				GCC_OPTIMIZATION_LEVEL = 0;
				GCC_PREPROCESSOR_DEFINITIONS = (
					"DEBUG=1",
					"$(inherited)",
				);
				GCC_WARN_64_TO_32_BIT_CONVERSION = YES;
				GCC_WARN_ABOUT_RETURN_TYPE = YES_ERROR;
				GCC_WARN_UNDECLARED_SELECTOR = YES;
				GCC_WARN_UNINITIALIZED_AUTOS = YES_AGGRESSIVE;
				GCC_WARN_UNUSED_FUNCTION = YES;
				GCC_WARN_UNUSED_VARIABLE = YES;
				MTL_ENABLE_DEBUG_INFO = INCLUDE_SOURCE;
				MTL_FAST_MATH = YES;
				ONLY_ACTIVE_ARCH = YES;
				SWIFT_ACTIVE_COMPILATION_CONDITIONS = DEBUG;
				SWIFT_OPTIMIZATION_LEVEL = "-Onone";
			};
			name = Debug;
		};
		FBFE8EAC281EE6180071AB38 /* Release */ = {
			isa = XCBuildConfiguration;
			buildSettings = {
				ALWAYS_SEARCH_USER_PATHS = NO;
				CLANG_ANALYZER_NONNULL = YES;
				CLANG_ANALYZER_NUMBER_OBJECT_CONVERSION = YES_AGGRESSIVE;
				CLANG_CXX_LANGUAGE_STANDARD = "gnu++17";
				CLANG_ENABLE_MODULES = YES;
				CLANG_ENABLE_OBJC_ARC = YES;
				CLANG_ENABLE_OBJC_WEAK = YES;
				CLANG_WARN_BLOCK_CAPTURE_AUTORELEASING = YES;
				CLANG_WARN_BOOL_CONVERSION = YES;
				CLANG_WARN_COMMA = YES;
				CLANG_WARN_CONSTANT_CONVERSION = YES;
				CLANG_WARN_DEPRECATED_OBJC_IMPLEMENTATIONS = YES;
				CLANG_WARN_DIRECT_OBJC_ISA_USAGE = YES_ERROR;
				CLANG_WARN_DOCUMENTATION_COMMENTS = YES;
				CLANG_WARN_EMPTY_BODY = YES;
				CLANG_WARN_ENUM_CONVERSION = YES;
				CLANG_WARN_INFINITE_RECURSION = YES;
				CLANG_WARN_INT_CONVERSION = YES;
				CLANG_WARN_NON_LITERAL_NULL_CONVERSION = YES;
				CLANG_WARN_OBJC_IMPLICIT_RETAIN_SELF = YES;
				CLANG_WARN_OBJC_LITERAL_CONVERSION = YES;
				CLANG_WARN_OBJC_ROOT_CLASS = YES_ERROR;
				CLANG_WARN_QUOTED_INCLUDE_IN_FRAMEWORK_HEADER = YES;
				CLANG_WARN_RANGE_LOOP_ANALYSIS = YES;
				CLANG_WARN_STRICT_PROTOTYPES = YES;
				CLANG_WARN_SUSPICIOUS_MOVE = YES;
				CLANG_WARN_UNGUARDED_AVAILABILITY = YES_AGGRESSIVE;
				CLANG_WARN_UNREACHABLE_CODE = YES;
				CLANG_WARN__DUPLICATE_METHOD_MATCH = YES;
				COPY_PHASE_STRIP = NO;
				DEBUG_INFORMATION_FORMAT = "dwarf-with-dsym";
				ENABLE_NS_ASSERTIONS = NO;
				ENABLE_STRICT_OBJC_MSGSEND = YES;
				GCC_C_LANGUAGE_STANDARD = gnu11;
				GCC_NO_COMMON_BLOCKS = YES;
				GCC_WARN_64_TO_32_BIT_CONVERSION = YES;
				GCC_WARN_ABOUT_RETURN_TYPE = YES_ERROR;
				GCC_WARN_UNDECLARED_SELECTOR = YES;
				GCC_WARN_UNINITIALIZED_AUTOS = YES_AGGRESSIVE;
				GCC_WARN_UNUSED_FUNCTION = YES;
				GCC_WARN_UNUSED_VARIABLE = YES;
				MTL_ENABLE_DEBUG_INFO = NO;
				MTL_FAST_MATH = YES;
				SWIFT_COMPILATION_MODE = wholemodule;
				SWIFT_OPTIMIZATION_LEVEL = "-O";
			};
			name = Release;
		};
		FBFE8EAE281EE6180071AB38 /* Debug */ = {
			isa = XCBuildConfiguration;
			buildSettings = {
				ASSETCATALOG_COMPILER_APPICON_NAME = AppIcon;
				ASSETCATALOG_COMPILER_GLOBAL_ACCENT_COLOR_NAME = AccentColor;
				CODE_SIGN_STYLE = Automatic;
				CURRENT_PROJECT_VERSION = 1;
				DEVELOPMENT_TEAM = ME637H7ZM9;
				ENABLE_PREVIEWS = YES;
				GENERATE_INFOPLIST_FILE = YES;
				INFOPLIST_KEY_UIApplicationSceneManifest_Generation = YES;
				INFOPLIST_KEY_UIApplicationSupportsIndirectInputEvents = YES;
				INFOPLIST_KEY_UILaunchScreen_Generation = YES;
				INFOPLIST_KEY_UISupportedInterfaceOrientations_iPad = "UIInterfaceOrientationPortrait UIInterfaceOrientationPortraitUpsideDown UIInterfaceOrientationLandscapeLeft UIInterfaceOrientationLandscapeRight";
				INFOPLIST_KEY_UISupportedInterfaceOrientations_iPhone = "UIInterfaceOrientationPortrait UIInterfaceOrientationLandscapeLeft UIInterfaceOrientationLandscapeRight";
				IPHONEOS_DEPLOYMENT_TARGET = 15.4;
				LD_RUNPATH_SEARCH_PATHS = (
					"$(inherited)",
					"@executable_path/Frameworks",
				);
				MARKETING_VERSION = 1.0;
				PRODUCT_BUNDLE_IDENTIFIER = "com.id-design.v8.MineSweeper";
				PRODUCT_NAME = MineSweeper;
				SDKROOT = iphoneos;
				SWIFT_EMIT_LOC_STRINGS = YES;
				SWIFT_VERSION = 5.0;
				TARGETED_DEVICE_FAMILY = "1,2";
			};
			name = Debug;
		};
		FBFE8EAF281EE6180071AB38 /* Release */ = {
			isa = XCBuildConfiguration;
			buildSettings = {
				ASSETCATALOG_COMPILER_APPICON_NAME = AppIcon;
				ASSETCATALOG_COMPILER_GLOBAL_ACCENT_COLOR_NAME = AccentColor;
				CODE_SIGN_STYLE = Automatic;
				CURRENT_PROJECT_VERSION = 1;
				DEVELOPMENT_TEAM = ME637H7ZM9;
				ENABLE_PREVIEWS = YES;
				GENERATE_INFOPLIST_FILE = YES;
				INFOPLIST_KEY_UIApplicationSceneManifest_Generation = YES;
				INFOPLIST_KEY_UIApplicationSupportsIndirectInputEvents = YES;
				INFOPLIST_KEY_UILaunchScreen_Generation = YES;
				INFOPLIST_KEY_UISupportedInterfaceOrientations_iPad = "UIInterfaceOrientationPortrait UIInterfaceOrientationPortraitUpsideDown UIInterfaceOrientationLandscapeLeft UIInterfaceOrientationLandscapeRight";
				INFOPLIST_KEY_UISupportedInterfaceOrientations_iPhone = "UIInterfaceOrientationPortrait UIInterfaceOrientationLandscapeLeft UIInterfaceOrientationLandscapeRight";
				IPHONEOS_DEPLOYMENT_TARGET = 15.4;
				LD_RUNPATH_SEARCH_PATHS = (
					"$(inherited)",
					"@executable_path/Frameworks",
				);
				MARKETING_VERSION = 1.0;
				PRODUCT_BUNDLE_IDENTIFIER = "com.id-design.v8.MineSweeper";
				PRODUCT_NAME = MineSweeper;
				SDKROOT = iphoneos;
				SWIFT_EMIT_LOC_STRINGS = YES;
				SWIFT_VERSION = 5.0;
				TARGETED_DEVICE_FAMILY = "1,2";
				VALIDATE_PRODUCT = YES;
			};
			name = Release;
		};
		FBFE8EB1281EE6180071AB38 /* Debug */ = {
			isa = XCBuildConfiguration;
			buildSettings = {
				ASSETCATALOG_COMPILER_APPICON_NAME = AppIcon;
				ASSETCATALOG_COMPILER_GLOBAL_ACCENT_COLOR_NAME = AccentColor;
				CODE_SIGN_ENTITLEMENTS = macOS/macOS.entitlements;
				CODE_SIGN_STYLE = Automatic;
				COMBINE_HIDPI_IMAGES = YES;
				CURRENT_PROJECT_VERSION = 1;
				DEVELOPMENT_TEAM = ME637H7ZM9;
				ENABLE_HARDENED_RUNTIME = YES;
				ENABLE_PREVIEWS = YES;
				GENERATE_INFOPLIST_FILE = YES;
				INFOPLIST_KEY_NSHumanReadableCopyright = "";
				LD_RUNPATH_SEARCH_PATHS = (
					"$(inherited)",
					"@executable_path/../Frameworks",
				);
				MACOSX_DEPLOYMENT_TARGET = 12.3;
				MARKETING_VERSION = 1.0;
				PRODUCT_BUNDLE_IDENTIFIER = "com.id-design.v8.MineSweeper";
				PRODUCT_NAME = MineSweeper;
				SDKROOT = macosx;
				SWIFT_EMIT_LOC_STRINGS = YES;
				SWIFT_VERSION = 5.0;
			};
			name = Debug;
		};
		FBFE8EB2281EE6180071AB38 /* Release */ = {
			isa = XCBuildConfiguration;
			buildSettings = {
				ASSETCATALOG_COMPILER_APPICON_NAME = AppIcon;
				ASSETCATALOG_COMPILER_GLOBAL_ACCENT_COLOR_NAME = AccentColor;
				CODE_SIGN_ENTITLEMENTS = macOS/macOS.entitlements;
				CODE_SIGN_STYLE = Automatic;
				COMBINE_HIDPI_IMAGES = YES;
				CURRENT_PROJECT_VERSION = 1;
				DEVELOPMENT_TEAM = ME637H7ZM9;
				ENABLE_HARDENED_RUNTIME = YES;
				ENABLE_PREVIEWS = YES;
				GENERATE_INFOPLIST_FILE = YES;
				INFOPLIST_KEY_NSHumanReadableCopyright = "";
				LD_RUNPATH_SEARCH_PATHS = (
					"$(inherited)",
					"@executable_path/../Frameworks",
				);
				MACOSX_DEPLOYMENT_TARGET = 12.3;
				MARKETING_VERSION = 1.0;
				PRODUCT_BUNDLE_IDENTIFIER = "com.id-design.v8.MineSweeper";
				PRODUCT_NAME = MineSweeper;
				SDKROOT = macosx;
				SWIFT_EMIT_LOC_STRINGS = YES;
				SWIFT_VERSION = 5.0;
			};
			name = Release;
		};
/* End XCBuildConfiguration section */

/* Begin XCConfigurationList section */
		FBFE8E93281EE6170071AB38 /* Build configuration list for PBXProject "MineSweeper" */ = {
			isa = XCConfigurationList;
			buildConfigurations = (
				FBFE8EAB281EE6180071AB38 /* Debug */,
				FBFE8EAC281EE6180071AB38 /* Release */,
			);
			defaultConfigurationIsVisible = 0;
			defaultConfigurationName = Release;
		};
		FBFE8EAD281EE6180071AB38 /* Build configuration list for PBXNativeTarget "MineSweeper (iOS)" */ = {
			isa = XCConfigurationList;
			buildConfigurations = (
				FBFE8EAE281EE6180071AB38 /* Debug */,
				FBFE8EAF281EE6180071AB38 /* Release */,
			);
			defaultConfigurationIsVisible = 0;
			defaultConfigurationName = Release;
		};
		FBFE8EB0281EE6180071AB38 /* Build configuration list for PBXNativeTarget "MineSweeper (macOS)" */ = {
			isa = XCConfigurationList;
			buildConfigurations = (
				FBFE8EB1281EE6180071AB38 /* Debug */,
				FBFE8EB2281EE6180071AB38 /* Release */,
			);
			defaultConfigurationIsVisible = 0;
			defaultConfigurationName = Release;
		};
/* End XCConfigurationList section */
	};
	rootObject = FBFE8E90281EE6170071AB38 /* Project object */;
}
